# This file is automatically @generated by Cargo.
# It is not intended for manual editing.
version = 3

[[package]]
name = "fix-hidden-lifetime-bug"
version = "0.2.5"
source = "registry+https://github.com/rust-lang/crates.io-index"
checksum = "d4ae9c2016a663983d4e40a9ff967d6dcac59819672f0b47f2b17574e99c33c8"
dependencies = [
 "fix-hidden-lifetime-bug-proc_macros",
]

[[package]]
name = "fix-hidden-lifetime-bug-proc_macros"
version = "0.2.5"
source = "registry+https://github.com/rust-lang/crates.io-index"
checksum = "e4c81935e123ab0741c4c4f0d9b8377e5fb21d3de7e062fa4b1263b1fbcba1ea"
dependencies = [
 "proc-macro2",
 "quote",
 "syn 1.0.109",
]

[[package]]
name = "iex"
version = "0.1.0"
dependencies = [
 "fix-hidden-lifetime-bug",
 "iex-derive",
 "typeid",
]

[[package]]
name = "iex-derive"
version = "0.1.0"
dependencies = [
 "proc-macro2",
 "quote",
 "syn 2.0.70",
]

[[package]]
name = "proc-macro2"
version = "1.0.86"
source = "registry+https://github.com/rust-lang/crates.io-index"
checksum = "5e719e8df665df0d1c8fbfd238015744736151d4445ec0836b8e628aae103b77"
dependencies = [
 "unicode-ident",
]

[[package]]
name = "quote"
version = "1.0.36"
source = "registry+https://github.com/rust-lang/crates.io-index"
checksum = "0fa76aaf39101c457836aec0ce2316dbdc3ab723cdda1c6bd4e6ad4208acaca7"
dependencies = [
 "proc-macro2",
]

[[package]]
name = "syn"
version = "1.0.109"
source = "registry+https://github.com/rust-lang/crates.io-index"
checksum = "72b64191b275b66ffe2469e8af2c1cfe3bafa67b529ead792a6d0160888b4237"
dependencies = [
 "proc-macro2",
 "quote",
 "unicode-ident",
]

[[package]]
name = "syn"
version = "2.0.70"
source = "registry+https://github.com/rust-lang/crates.io-index"
checksum = "2f0209b68b3613b093e0ec905354eccaedcfe83b8cb37cbdeae64026c3064c16"
dependencies = [
 "proc-macro2",
 "quote",
 "unicode-ident",
]

[[package]]
name = "typeid"
version = "1.0.0"
source = "registry+https://github.com/rust-lang/crates.io-index"
checksum = "059d83cc991e7a42fc37bd50941885db0888e34209f8cfd9aab07ddec03bc9cf"

[[package]]
name = "unicode-ident"
version = "1.0.12"
source = "registry+https://github.com/rust-lang/crates.io-index"
checksum = "3354b9ac3fae1ff6755cb6db53683adb661634f67557942dea4facebec0fee4b"
